{
  "name": "active-directory-jenkins-plugin",
  "version": "2.41.0",
  "lockfileVersion": 3,
  "requires": true,
  "packages": {
    "": {
      "name": "active-directory-jenkins-plugin",
      "version": "2.41.0",
      "hasInstallScript": true,
      "license": "MIT",
      "devDependencies": {}
    }
  }
}
